// !$*UTF8*$!
{
	archiveVersion = 1;
	classes = {
	};
	objectVersion = 56;
	objects = {

/* Begin PBXBuildFile section */
		3F9938082B03C8D300C97140 /* MemoryGameLWApp.swift in Sources */ = {isa = PBXBuildFile; fileRef = 3F9938072B03C8D300C97140 /* MemoryGameLWApp.swift */; };
		3F99380A2B03C8D300C97140 /* ContentView.swift in Sources */ = {isa = PBXBuildFile; fileRef = 3F9938092B03C8D300C97140 /* ContentView.swift */; };
		3F99380C2B03C8D400C97140 /* Assets.xcassets in Resources */ = {isa = PBXBuildFile; fileRef = 3F99380B2B03C8D400C97140 /* Assets.xcassets */; };
		3F99380F2B03C8D400C97140 /* Preview Assets.xcassets in Resources */ = {isa = PBXBuildFile; fileRef = 3F99380E2B03C8D400C97140 /* Preview Assets.xcassets */; };
		3F9938192B03C8D400C97140 /* MemoryGameLWTests.swift in Sources */ = {isa = PBXBuildFile; fileRef = 3F9938182B03C8D400C97140 /* MemoryGameLWTests.swift */; };
		3F9938232B03C8D400C97140 /* MemoryGameLWUITests.swift in Sources */ = {isa = PBXBuildFile; fileRef = 3F9938222B03C8D400C97140 /* MemoryGameLWUITests.swift */; };
		3F9938252B03C8D400C97140 /* MemoryGameLWUITestsLaunchTests.swift in Sources */ = {isa = PBXBuildFile; fileRef = 3F9938242B03C8D400C97140 /* MemoryGameLWUITestsLaunchTests.swift */; };
		3F9938322B03C93300C97140 /* MotiveButton.swift in Sources */ = {isa = PBXBuildFile; fileRef = 3F9938312B03C93300C97140 /* MotiveButton.swift */; };
		3F9938342B03C97500C97140 /* CardView.swift in Sources */ = {isa = PBXBuildFile; fileRef = 3F9938332B03C97500C97140 /* CardView.swift */; };
		3FE590682B03CB950074D551 /* MemoGameModel.swift in Sources */ = {isa = PBXBuildFile; fileRef = 3FE590672B03CB950074D551 /* MemoGameModel.swift */; };
/* End PBXBuildFile section */

/* Begin PBXContainerItemProxy section */
		3F9938152B03C8D400C97140 /* PBXContainerItemProxy */ = {
			isa = PBXContainerItemProxy;
			containerPortal = 3F9937FC2B03C8D300C97140 /* Project object */;
			proxyType = 1;
			remoteGlobalIDString = 3F9938032B03C8D300C97140;
			remoteInfo = MemoryGameLW;
		};
		3F99381F2B03C8D400C97140 /* PBXContainerItemProxy */ = {
			isa = PBXContainerItemProxy;
			containerPortal = 3F9937FC2B03C8D300C97140 /* Project object */;
			proxyType = 1;
			remoteGlobalIDString = 3F9938032B03C8D300C97140;
			remoteInfo = MemoryGameLW;
		};
/* End PBXContainerItemProxy section */

/* Begin PBXFileReference section */
		3F9938042B03C8D300C97140 /* MemoryGameLW.app */ = {isa = PBXFileReference; explicitFileType = wrapper.application; includeInIndex = 0; path = MemoryGameLW.app; sourceTree = BUILT_PRODUCTS_DIR; };
		3F9938072B03C8D300C97140 /* MemoryGameLWApp.swift */ = {isa = PBXFileReference; lastKnownFileType = sourcecode.swift; path = MemoryGameLWApp.swift; sourceTree = "<group>"; };
		3F9938092B03C8D300C97140 /* ContentView.swift */ = {isa = PBXFileReference; lastKnownFileType = sourcecode.swift; path = ContentView.swift; sourceTree = "<group>"; };
		3F99380B2B03C8D400C97140 /* Assets.xcassets */ = {isa = PBXFileReference; lastKnownFileType = folder.assetcatalog; path = Assets.xcassets; sourceTree = "<group>"; };
		3F99380E2B03C8D400C97140 /* Preview Assets.xcassets */ = {isa = PBXFileReference; lastKnownFileType = folder.assetcatalog; path = "Preview Assets.xcassets"; sourceTree = "<group>"; };
		3F9938142B03C8D400C97140 /* MemoryGameLWTests.xctest */ = {isa = PBXFileReference; explicitFileType = wrapper.cfbundle; includeInIndex = 0; path = MemoryGameLWTests.xctest; sourceTree = BUILT_PRODUCTS_DIR; };
		3F9938182B03C8D400C97140 /* MemoryGameLWTests.swift */ = {isa = PBXFileReference; lastKnownFileType = sourcecode.swift; path = MemoryGameLWTests.swift; sourceTree = "<group>"; };
		3F99381E2B03C8D400C97140 /* MemoryGameLWUITests.xctest */ = {isa = PBXFileReference; explicitFileType = wrapper.cfbundle; includeInIndex = 0; path = MemoryGameLWUITests.xctest; sourceTree = BUILT_PRODUCTS_DIR; };
		3F9938222B03C8D400C97140 /* MemoryGameLWUITests.swift */ = {isa = PBXFileReference; lastKnownFileType = sourcecode.swift; path = MemoryGameLWUITests.swift; sourceTree = "<group>"; };
		3F9938242B03C8D400C97140 /* MemoryGameLWUITestsLaunchTests.swift */ = {isa = PBXFileReference; lastKnownFileType = sourcecode.swift; path = MemoryGameLWUITestsLaunchTests.swift; sourceTree = "<group>"; };
		3F9938312B03C93300C97140 /* MotiveButton.swift */ = {isa = PBXFileReference; lastKnownFileType = sourcecode.swift; path = MotiveButton.swift; sourceTree = "<group>"; };
		3F9938332B03C97500C97140 /* CardView.swift */ = {isa = PBXFileReference; lastKnownFileType = sourcecode.swift; path = CardView.swift; sourceTree = "<group>"; };
		3FE590672B03CB950074D551 /* MemoGameModel.swift */ = {isa = PBXFileReference; lastKnownFileType = sourcecode.swift; path = MemoGameModel.swift; sourceTree = "<group>"; };
/* End PBXFileReference section */

/* Begin PBXFrameworksBuildPhase section */
		3F9938012B03C8D300C97140 /* Frameworks */ = {
			isa = PBXFrameworksBuildPhase;
			buildActionMask = 2147483647;
			files = (
			);
			runOnlyForDeploymentPostprocessing = 0;
		};
		3F9938112B03C8D400C97140 /* Frameworks */ = {
			isa = PBXFrameworksBuildPhase;
			buildActionMask = 2147483647;
			files = (
			);
			runOnlyForDeploymentPostprocessing = 0;
		};
		3F99381B2B03C8D400C97140 /* Frameworks */ = {
			isa = PBXFrameworksBuildPhase;
			buildActionMask = 2147483647;
			files = (
			);
			runOnlyForDeploymentPostprocessing = 0;
		};
/* End PBXFrameworksBuildPhase section */

/* Begin PBXGroup section */
		3F9937FB2B03C8D300C97140 = {
			isa = PBXGroup;
			children = (
				3F9938062B03C8D300C97140 /* MemoryGameLW */,
				3F9938172B03C8D400C97140 /* MemoryGameLWTests */,
				3F9938212B03C8D400C97140 /* MemoryGameLWUITests */,
				3F9938052B03C8D300C97140 /* Products */,
			);
			sourceTree = "<group>";
		};
		3F9938052B03C8D300C97140 /* Products */ = {
			isa = PBXGroup;
			children = (
				3F9938042B03C8D300C97140 /* MemoryGameLW.app */,
				3F9938142B03C8D400C97140 /* MemoryGameLWTests.xctest */,
				3F99381E2B03C8D400C97140 /* MemoryGameLWUITests.xctest */,
			);
			name = Products;
			sourceTree = "<group>";
		};
		3F9938062B03C8D300C97140 /* MemoryGameLW */ = {
			isa = PBXGroup;
			children = (
				3F9938072B03C8D300C97140 /* MemoryGameLWApp.swift */,
				3F9938092B03C8D300C97140 /* ContentView.swift */,
				3FE590672B03CB950074D551 /* MemoGameModel.swift */,
				3F99380B2B03C8D400C97140 /* Assets.xcassets */,
				3F99380D2B03C8D400C97140 /* Preview Content */,
				3F9938312B03C93300C97140 /* MotiveButton.swift */,
				3F9938332B03C97500C97140 /* CardView.swift */,
			);
			path = MemoryGameLW;
			sourceTree = "<group>";
		};
		3F99380D2B03C8D400C97140 /* Preview Content */ = {
			isa = PBXGroup;
			children = (
				3F99380E2B03C8D400C97140 /* Preview Assets.xcassets */,
			);
			path = "Preview Content";
			sourceTree = "<group>";
		};
		3F9938172B03C8D400C97140 /* MemoryGameLWTests */ = {
			isa = PBXGroup;
			children = (
				3F9938182B03C8D400C97140 /* MemoryGameLWTests.swift */,
			);
			path = MemoryGameLWTests;
			sourceTree = "<group>";
		};
		3F9938212B03C8D400C97140 /* MemoryGameLWUITests */ = {
			isa = PBXGroup;
			children = (
				3F9938222B03C8D400C97140 /* MemoryGameLWUITests.swift */,
				3F9938242B03C8D400C97140 /* MemoryGameLWUITestsLaunchTests.swift */,
			);
			path = MemoryGameLWUITests;
			sourceTree = "<group>";
		};
/* End PBXGroup section */

/* Begin PBXNativeTarget section */
		3F9938032B03C8D300C97140 /* MemoryGameLW */ = {
			isa = PBXNativeTarget;
			buildConfigurationList = 3F9938282B03C8D400C97140 /* Build configuration list for PBXNativeTarget "MemoryGameLW" */;
			buildPhases = (
				3F9938002B03C8D300C97140 /* Sources */,
				3F9938012B03C8D300C97140 /* Frameworks */,
				3F9938022B03C8D300C97140 /* Resources */,
			);
			buildRules = (
			);
			dependencies = (
			);
			name = MemoryGameLW;
			productName = MemoryGameLW;
			productReference = 3F9938042B03C8D300C97140 /* MemoryGameLW.app */;
			productType = "com.apple.product-type.application";
		};
		3F9938132B03C8D400C97140 /* MemoryGameLWTests */ = {
			isa = PBXNativeTarget;
			buildConfigurationList = 3F99382B2B03C8D400C97140 /* Build configuration list for PBXNativeTarget "MemoryGameLWTests" */;
			buildPhases = (
				3F9938102B03C8D400C97140 /* Sources */,
				3F9938112B03C8D400C97140 /* Frameworks */,
				3F9938122B03C8D400C97140 /* Resources */,
			);
			buildRules = (
			);
			dependencies = (
				3F9938162B03C8D400C97140 /* PBXTargetDependency */,
			);
			name = MemoryGameLWTests;
			productName = MemoryGameLWTests;
			productReference = 3F9938142B03C8D400C97140 /* MemoryGameLWTests.xctest */;
			productType = "com.apple.product-type.bundle.unit-test";
		};
		3F99381D2B03C8D400C97140 /* MemoryGameLWUITests */ = {
			isa = PBXNativeTarget;
			buildConfigurationList = 3F99382E2B03C8D400C97140 /* Build configuration list for PBXNativeTarget "MemoryGameLWUITests" */;
			buildPhases = (
				3F99381A2B03C8D400C97140 /* Sources */,
				3F99381B2B03C8D400C97140 /* Frameworks */,
				3F99381C2B03C8D400C97140 /* Resources */,
			);
			buildRules = (
			);
			dependencies = (
				3F9938202B03C8D400C97140 /* PBXTargetDependency */,
			);
			name = MemoryGameLWUITests;
			productName = MemoryGameLWUITests;
			productReference = 3F99381E2B03C8D400C97140 /* MemoryGameLWUITests.xctest */;
			productType = "com.apple.product-type.bundle.ui-testing";
		};
/* End PBXNativeTarget section */

/* Begin PBXProject section */
		3F9937FC2B03C8D300C97140 /* Project object */ = {
			isa = PBXProject;
			attributes = {
				BuildIndependentTargetsInParallel = 1;
				LastSwiftUpdateCheck = 1500;
				LastUpgradeCheck = 1500;
				TargetAttributes = {
					3F9938032B03C8D300C97140 = {
						CreatedOnToolsVersion = 15.0;
					};
					3F9938132B03C8D400C97140 = {
						CreatedOnToolsVersion = 15.0;
						TestTargetID = 3F9938032B03C8D300C97140;
					};
					3F99381D2B03C8D400C97140 = {
						CreatedOnToolsVersion = 15.0;
						TestTargetID = 3F9938032B03C8D300C97140;
					};
				};
			};
			buildConfigurationList = 3F9937FF2B03C8D300C97140 /* Build configuration list for PBXProject "MemoryGameLW" */;
			compatibilityVersion = "Xcode 14.0";
			developmentRegion = en;
			hasScannedForEncodings = 0;
			knownRegions = (
				en,
				Base,
			);
			mainGroup = 3F9937FB2B03C8D300C97140;
			productRefGroup = 3F9938052B03C8D300C97140 /* Products */;
			projectDirPath = "";
			projectRoot = "";
			targets = (
				3F9938032B03C8D300C97140 /* MemoryGameLW */,
				3F9938132B03C8D400C97140 /* MemoryGameLWTests */,
				3F99381D2B03C8D400C97140 /* MemoryGameLWUITests */,
			);
		};
/* End PBXProject section */

/* Begin PBXResourcesBuildPhase section */
		3F9938022B03C8D300C97140 /* Resources */ = {
			isa = PBXResourcesBuildPhase;
			buildActionMask = 2147483647;
			files = (
				3F99380F2B03C8D400C97140 /* Preview Assets.xcassets in Resources */,
				3F99380C2B03C8D400C97140 /* Assets.xcassets in Resources */,
			);
			runOnlyForDeploymentPostprocessing = 0;
		};
		3F9938122B03C8D400C97140 /* Resources */ = {
			isa = PBXResourcesBuildPhase;
			buildActionMask = 2147483647;
			files = (
			);
			runOnlyForDeploymentPostprocessing = 0;
		};
		3F99381C2B03C8D400C97140 /* Resources */ = {
			isa = PBXResourcesBuildPhase;
			buildActionMask = 2147483647;
			files = (
			);
			runOnlyForDeploymentPostprocessing = 0;
		};
/* End PBXResourcesBuildPhase section */

/* Begin PBXSourcesBuildPhase section */
		3F9938002B03C8D300C97140 /* Sources */ = {
			isa = PBXSourcesBuildPhase;
			buildActionMask = 2147483647;
			files = (
				3FE590682B03CB950074D551 /* MemoGameModel.swift in Sources */,
				3F99380A2B03C8D300C97140 /* ContentView.swift in Sources */,
				3F9938082B03C8D300C97140 /* MemoryGameLWApp.swift in Sources */,
				3F9938342B03C97500C97140 /* CardView.swift in Sources */,
				3F9938322B03C93300C97140 /* MotiveButton.swift in Sources */,
			);
			runOnlyForDeploymentPostprocessing = 0;
		};
		3F9938102B03C8D400C97140 /* Sources */ = {
			isa = PBXSourcesBuildPhase;
			buildActionMask = 2147483647;
			files = (
				3F9938192B03C8D400C97140 /* MemoryGameLWTests.swift in Sources */,
			);
			runOnlyForDeploymentPostprocessing = 0;
		};
		3F99381A2B03C8D400C97140 /* Sources */ = {
			isa = PBXSourcesBuildPhase;
			buildActionMask = 2147483647;
			files = (
				3F9938252B03C8D400C97140 /* MemoryGameLWUITestsLaunchTests.swift in Sources */,
				3F9938232B03C8D400C97140 /* MemoryGameLWUITests.swift in Sources */,
			);
			runOnlyForDeploymentPostprocessing = 0;
		};
/* End PBXSourcesBuildPhase section */

/* Begin PBXTargetDependency section */
		3F9938162B03C8D400C97140 /* PBXTargetDependency */ = {
			isa = PBXTargetDependency;
			target = 3F9938032B03C8D300C97140 /* MemoryGameLW */;
			targetProxy = 3F9938152B03C8D400C97140 /* PBXContainerItemProxy */;
		};
		3F9938202B03C8D400C97140 /* PBXTargetDependency */ = {
			isa = PBXTargetDependency;
			target = 3F9938032B03C8D300C97140 /* MemoryGameLW */;
			targetProxy = 3F99381F2B03C8D400C97140 /* PBXContainerItemProxy */;
		};
/* End PBXTargetDependency section */

/* Begin XCBuildConfiguration section */
		3F9938262B03C8D400C97140 /* Debug */ = {
			isa = XCBuildConfiguration;
			buildSettings = {
				ALWAYS_SEARCH_USER_PATHS = NO;
				ASSETCATALOG_COMPILER_GENERATE_SWIFT_ASSET_SYMBOL_EXTENSIONS = YES;
				CLANG_ANALYZER_NONNULL = YES;
				CLANG_ANALYZER_NUMBER_OBJECT_CONVERSION = YES_AGGRESSIVE;
				CLANG_CXX_LANGUAGE_STANDARD = "gnu++20";
				CLANG_ENABLE_MODULES = YES;
				CLANG_ENABLE_OBJC_ARC = YES;
				CLANG_ENABLE_OBJC_WEAK = YES;
				CLANG_WARN_BLOCK_CAPTURE_AUTORELEASING = YES;
				CLANG_WARN_BOOL_CONVERSION = YES;
				CLANG_WARN_COMMA = YES;
				CLANG_WARN_CONSTANT_CONVERSION = YES;
				CLANG_WARN_DEPRECATED_OBJC_IMPLEMENTATIONS = YES;
				CLANG_WARN_DIRECT_OBJC_ISA_USAGE = YES_ERROR;
				CLANG_WARN_DOCUMENTATION_COMMENTS = YES;
				CLANG_WARN_EMPTY_BODY = YES;
				CLANG_WARN_ENUM_CONVERSION = YES;
				CLANG_WARN_INFINITE_RECURSION = YES;
				CLANG_WARN_INT_CONVERSION = YES;
				CLANG_WARN_NON_LITERAL_NULL_CONVERSION = YES;
				CLANG_WARN_OBJC_IMPLICIT_RETAIN_SELF = YES;
				CLANG_WARN_OBJC_LITERAL_CONVERSION = YES;
				CLANG_WARN_OBJC_ROOT_CLASS = YES_ERROR;
				CLANG_WARN_QUOTED_INCLUDE_IN_FRAMEWORK_HEADER = YES;
				CLANG_WARN_RANGE_LOOP_ANALYSIS = YES;
				CLANG_WARN_STRICT_PROTOTYPES = YES;
				CLANG_WARN_SUSPICIOUS_MOVE = YES;
				CLANG_WARN_UNGUARDED_AVAILABILITY = YES_AGGRESSIVE;
				CLANG_WARN_UNREACHABLE_CODE = YES;
				CLANG_WARN__DUPLICATE_METHOD_MATCH = YES;
				COPY_PHASE_STRIP = NO;
				DEBUG_INFORMATION_FORMAT = dwarf;
				ENABLE_STRICT_OBJC_MSGSEND = YES;
				ENABLE_TESTABILITY = YES;
				ENABLE_USER_SCRIPT_SANDBOXING = YES;
				GCC_C_LANGUAGE_STANDARD = gnu17;
				GCC_DYNAMIC_NO_PIC = NO;
				GCC_NO_COMMON_BLOCKS = YES;
				GCC_OPTIMIZATION_LEVEL = 0;
				GCC_PREPROCESSOR_DEFINITIONS = (
					"DEBUG=1",
					"$(inherited)",
				);
				GCC_WARN_64_TO_32_BIT_CONVERSION = YES;
				GCC_WARN_ABOUT_RETURN_TYPE = YES_ERROR;
				GCC_WARN_UNDECLARED_SELECTOR = YES;
				GCC_WARN_UNINITIALIZED_AUTOS = YES_AGGRESSIVE;
				GCC_WARN_UNUSED_FUNCTION = YES;
				GCC_WARN_UNUSED_VARIABLE = YES;
				IPHONEOS_DEPLOYMENT_TARGET = 17.0;
				LOCALIZATION_PREFERS_STRING_CATALOGS = YES;
				MTL_ENABLE_DEBUG_INFO = INCLUDE_SOURCE;
				MTL_FAST_MATH = YES;
				ONLY_ACTIVE_ARCH = YES;
				SDKROOT = iphoneos;
				SWIFT_ACTIVE_COMPILATION_CONDITIONS = "DEBUG $(inherited)";
				SWIFT_OPTIMIZATION_LEVEL = "-Onone";
			};
			name = Debug;
		};
		3F9938272B03C8D400C97140 /* Release */ = {
			isa = XCBuildConfiguration;
			buildSettings = {
				ALWAYS_SEARCH_USER_PATHS = NO;
				ASSETCATALOG_COMPILER_GENERATE_SWIFT_ASSET_SYMBOL_EXTENSIONS = YES;
				CLANG_ANALYZER_NONNULL = YES;
				CLANG_ANALYZER_NUMBER_OBJECT_CONVERSION = YES_AGGRESSIVE;
				CLANG_CXX_LANGUAGE_STANDARD = "gnu++20";
				CLANG_ENABLE_MODULES = YES;
				CLANG_ENABLE_OBJC_ARC = YES;
				CLANG_ENABLE_OBJC_WEAK = YES;
				CLANG_WARN_BLOCK_CAPTURE_AUTORELEASING = YES;
				CLANG_WARN_BOOL_CONVERSION = YES;
				CLANG_WARN_COMMA = YES;
				CLANG_WARN_CONSTANT_CONVERSION = YES;
				CLANG_WARN_DEPRECATED_OBJC_IMPLEMENTATIONS = YES;
				CLANG_WARN_DIRECT_OBJC_ISA_USAGE = YES_ERROR;
				CLANG_WARN_DOCUMENTATION_COMMENTS = YES;
				CLANG_WARN_EMPTY_BODY = YES;
				CLANG_WARN_ENUM_CONVERSION = YES;
				CLANG_WARN_INFINITE_RECURSION = YES;
				CLANG_WARN_INT_CONVERSION = YES;
				CLANG_WARN_NON_LITERAL_NULL_CONVERSION = YES;
				CLANG_WARN_OBJC_IMPLICIT_RETAIN_SELF = YES;
				CLANG_WARN_OBJC_LITERAL_CONVERSION = YES;
				CLANG_WARN_OBJC_ROOT_CLASS = YES_ERROR;
				CLANG_WARN_QUOTED_INCLUDE_IN_FRAMEWORK_HEADER = YES;
				CLANG_WARN_RANGE_LOOP_ANALYSIS = YES;
				CLANG_WARN_STRICT_PROTOTYPES = YES;
				CLANG_WARN_SUSPICIOUS_MOVE = YES;
				CLANG_WARN_UNGUARDED_AVAILABILITY = YES_AGGRESSIVE;
				CLANG_WARN_UNREACHABLE_CODE = YES;
				CLANG_WARN__DUPLICATE_METHOD_MATCH = YES;
				COPY_PHASE_STRIP = NO;
				DEBUG_INFORMATION_FORMAT = "dwarf-with-dsym";
				ENABLE_NS_ASSERTIONS = NO;
				ENABLE_STRICT_OBJC_MSGSEND = YES;
				ENABLE_USER_SCRIPT_SANDBOXING = YES;
				GCC_C_LANGUAGE_STANDARD = gnu17;
				GCC_NO_COMMON_BLOCKS = YES;
				GCC_WARN_64_TO_32_BIT_CONVERSION = YES;
				GCC_WARN_ABOUT_RETURN_TYPE = YES_ERROR;
				GCC_WARN_UNDECLARED_SELECTOR = YES;
				GCC_WARN_UNINITIALIZED_AUTOS = YES_AGGRESSIVE;
				GCC_WARN_UNUSED_FUNCTION = YES;
				GCC_WARN_UNUSED_VARIABLE = YES;
				IPHONEOS_DEPLOYMENT_TARGET = 17.0;
				LOCALIZATION_PREFERS_STRING_CATALOGS = YES;
				MTL_ENABLE_DEBUG_INFO = NO;
				MTL_FAST_MATH = YES;
				SDKROOT = iphoneos;
				SWIFT_COMPILATION_MODE = wholemodule;
				VALIDATE_PRODUCT = YES;
			};
			name = Release;
		};
		3F9938292B03C8D400C97140 /* Debug */ = {
			isa = XCBuildConfiguration;
			buildSettings = {
				ASSETCATALOG_COMPILER_APPICON_NAME = AppIcon;
				ASSETCATALOG_COMPILER_GLOBAL_ACCENT_COLOR_NAME = AccentColor;
				CODE_SIGN_STYLE = Automatic;
				CURRENT_PROJECT_VERSION = 1;
				DEVELOPMENT_ASSET_PATHS = "\"MemoryGameLW/Preview Content\"";
				ENABLE_PREVIEWS = YES;
				GENERATE_INFOPLIST_FILE = YES;
				INFOPLIST_KEY_UIApplicationSceneManifest_Generation = YES;
				INFOPLIST_KEY_UIApplicationSupportsIndirectInputEvents = YES;
				INFOPLIST_KEY_UILaunchScreen_Generation = YES;
				INFOPLIST_KEY_UISupportedInterfaceOrientations_iPad = "UIInterfaceOrientationPortrait UIInterfaceOrientationPortraitUpsideDown UIInterfaceOrientationLandscapeLeft UIInterfaceOrientationLandscapeRight";
				INFOPLIST_KEY_UISupportedInterfaceOrientations_iPhone = "UIInterfaceOrientationPortrait UIInterfaceOrientationLandscapeLeft UIInterfaceOrientationLandscapeRight";
				LD_RUNPATH_SEARCH_PATHS = (
					"$(inherited)",
					"@executable_path/Frameworks",
				);
				MARKETING_VERSION = 1.0;
				PRODUCT_BUNDLE_IDENTIFIER = lab.MemoryGameLW;
				PRODUCT_NAME = "$(TARGET_NAME)";
				SWIFT_EMIT_LOC_STRINGS = YES;
				SWIFT_VERSION = 5.0;
				TARGETED_DEVICE_FAMILY = "1,2";
			};
			name = Debug;
		};
		3F99382A2B03C8D400C97140 /* Release */ = {
			isa = XCBuildConfiguration;
			buildSettings = {
				ASSETCATALOG_COMPILER_APPICON_NAME = AppIcon;
				ASSETCATALOG_COMPILER_GLOBAL_ACCENT_COLOR_NAME = AccentColor;
				CODE_SIGN_STYLE = Automatic;
				CURRENT_PROJECT_VERSION = 1;
				DEVELOPMENT_ASSET_PATHS = "\"MemoryGameLW/Preview Content\"";
				ENABLE_PREVIEWS = YES;
				GENERATE_INFOPLIST_FILE = YES;
				INFOPLIST_KEY_UIApplicationSceneManifest_Generation = YES;
				INFOPLIST_KEY_UIApplicationSupportsIndirectInputEvents = YES;
				INFOPLIST_KEY_UILaunchScreen_Generation = YES;
				INFOPLIST_KEY_UISupportedInterfaceOrientations_iPad = "UIInterfaceOrientationPortrait UIInterfaceOrientationPortraitUpsideDown UIInterfaceOrientationLandscapeLeft UIInterfaceOrientationLandscapeRight";
				INFOPLIST_KEY_UISupportedInterfaceOrientations_iPhone = "UIInterfaceOrientationPortrait UIInterfaceOrientationLandscapeLeft UIInterfaceOrientationLandscapeRight";
				LD_RUNPATH_SEARCH_PATHS = (
					"$(inherited)",
					"@executable_path/Frameworks",
				);
				MARKETING_VERSION = 1.0;
				PRODUCT_BUNDLE_IDENTIFIER = lab.MemoryGameLW;
				PRODUCT_NAME = "$(TARGET_NAME)";
				SWIFT_EMIT_LOC_STRINGS = YES;
				SWIFT_VERSION = 5.0;
				TARGETED_DEVICE_FAMILY = "1,2";
			};
			name = Release;
		};
		3F99382C2B03C8D400C97140 /* Debug */ = {
			isa = XCBuildConfiguration;
			buildSettings = {
				ALWAYS_EMBED_SWIFT_STANDARD_LIBRARIES = YES;
				BUNDLE_LOADER = "$(TEST_HOST)";
				CODE_SIGN_STYLE = Automatic;
				CURRENT_PROJECT_VERSION = 1;
				GENERATE_INFOPLIST_FILE = YES;
				IPHONEOS_DEPLOYMENT_TARGET = 17.0;
				MARKETING_VERSION = 1.0;
				PRODUCT_BUNDLE_IDENTIFIER = lab.MemoryGameLWTests;
				PRODUCT_NAME = "$(TARGET_NAME)";
				SWIFT_EMIT_LOC_STRINGS = NO;
				SWIFT_VERSION = 5.0;
				TARGETED_DEVICE_FAMILY = "1,2";
				TEST_HOST = "$(BUILT_PRODUCTS_DIR)/MemoryGameLW.app/$(BUNDLE_EXECUTABLE_FOLDER_PATH)/MemoryGameLW";
			};
			name = Debug;
		};
		3F99382D2B03C8D400C97140 /* Release */ = {
			isa = XCBuildConfiguration;
			buildSettings = {
				ALWAYS_EMBED_SWIFT_STANDARD_LIBRARIES = YES;
				BUNDLE_LOADER = "$(TEST_HOST)";
				CODE_SIGN_STYLE = Automatic;
				CURRENT_PROJECT_VERSION = 1;
				GENERATE_INFOPLIST_FILE = YES;
				IPHONEOS_DEPLOYMENT_TARGET = 17.0;
				MARKETING_VERSION = 1.0;
				PRODUCT_BUNDLE_IDENTIFIER = lab.MemoryGameLWTests;
				PRODUCT_NAME = "$(TARGET_NAME)";
				SWIFT_EMIT_LOC_STRINGS = NO;
				SWIFT_VERSION = 5.0;
				TARGETED_DEVICE_FAMILY = "1,2";
				TEST_HOST = "$(BUILT_PRODUCTS_DIR)/MemoryGameLW.app/$(BUNDLE_EXECUTABLE_FOLDER_PATH)/MemoryGameLW";
			};
			name = Release;
		};
		3F99382F2B03C8D400C97140 /* Debug */ = {
			isa = XCBuildConfiguration;
			buildSettings = {
				ALWAYS_EMBED_SWIFT_STANDARD_LIBRARIES = YES;
				CODE_SIGN_STYLE = Automatic;
				CURRENT_PROJECT_VERSION = 1;
				GENERATE_INFOPLIST_FILE = YES;
				MARKETING_VERSION = 1.0;
				PRODUCT_BUNDLE_IDENTIFIER = lab.MemoryGameLWUITests;
				PRODUCT_NAME = "$(TARGET_NAME)";
				SWIFT_EMIT_LOC_STRINGS = NO;
				SWIFT_VERSION = 5.0;
				TARGETED_DEVICE_FAMILY = "1,2";
				TEST_TARGET_NAME = MemoryGameLW;
			};
			name = Debug;
		};
		3F9938302B03C8D400C97140 /* Release */ = {
			isa = XCBuildConfiguration;
			buildSettings = {
				ALWAYS_EMBED_SWIFT_STANDARD_LIBRARIES = YES;
				CODE_SIGN_STYLE = Automatic;
				CURRENT_PROJECT_VERSION = 1;
				GENERATE_INFOPLIST_FILE = YES;
				MARKETING_VERSION = 1.0;
				PRODUCT_BUNDLE_IDENTIFIER = lab.MemoryGameLWUITests;
				PRODUCT_NAME = "$(TARGET_NAME)";
				SWIFT_EMIT_LOC_STRINGS = NO;
				SWIFT_VERSION = 5.0;
				TARGETED_DEVICE_FAMILY = "1,2";
				TEST_TARGET_NAME = MemoryGameLW;
			};
			name = Release;
		};
/* End XCBuildConfiguration section */

/* Begin XCConfigurationList section */
		3F9937FF2B03C8D300C97140 /* Build configuration list for PBXProject "MemoryGameLW" */ = {
			isa = XCConfigurationList;
			buildConfigurations = (
				3F9938262B03C8D400C97140 /* Debug */,
				3F9938272B03C8D400C97140 /* Release */,
			);
			defaultConfigurationIsVisible = 0;
			defaultConfigurationName = Release;
		};
		3F9938282B03C8D400C97140 /* Build configuration list for PBXNativeTarget "MemoryGameLW" */ = {
			isa = XCConfigurationList;
			buildConfigurations = (
				3F9938292B03C8D400C97140 /* Debug */,
				3F99382A2B03C8D400C97140 /* Release */,
			);
			defaultConfigurationIsVisible = 0;
			defaultConfigurationName = Release;
		};
		3F99382B2B03C8D400C97140 /* Build configuration list for PBXNativeTarget "MemoryGameLWTests" */ = {
			isa = XCConfigurationList;
			buildConfigurations = (
				3F99382C2B03C8D400C97140 /* Debug */,
				3F99382D2B03C8D400C97140 /* Release */,
			);
			defaultConfigurationIsVisible = 0;
			defaultConfigurationName = Release;
		};
		3F99382E2B03C8D400C97140 /* Build configuration list for PBXNativeTarget "MemoryGameLWUITests" */ = {
			isa = XCConfigurationList;
			buildConfigurations = (
				3F99382F2B03C8D400C97140 /* Debug */,
				3F9938302B03C8D400C97140 /* Release */,
			);
			defaultConfigurationIsVisible = 0;
			defaultConfigurationName = Release;
		};
/* End XCConfigurationList section */
	};
	rootObject = 3F9937FC2B03C8D300C97140 /* Project object */;
}
